{
  "name": "performa_test_using_k6",
  "version": "1.0.0",
  "lockfileVersion": 3,
  "requires": true,
  "packages": {
    "": {
      "name": "performa_test_using_k6",
      "version": "1.0.0",
      "license": "ISC",
      "devDependencies": {
        "@types/k6": "^0.54.0"
      }
    },
    "node_modules/@types/k6": {
      "version": "0.54.0",
      "resolved": "https://registry.npmjs.org/@types/k6/-/k6-0.54.0.tgz",
      "integrity": "sha512-ZgsqDQs0dtu9RVxN/315MQOZ3BSrdL85HleMZckcLPrmaE5gtGse02/2EuAIQEtYqNDmqcTrOnoxvptUHIoBYw==",
      "dev": true
    }
  }
}
